Microsoft Visual Studio Solution File, Format Version 12.00
# Visual Studio Version 17
VisualStudioVersion = 17.5.2.0
MinimumVisualStudioVersion = 10.0.40219.1
Project("{2150E333-8FDC-42A3-9474-1A3956D46DE8}") = "api", "api", "{D82C56D6-B2CD-F611-9E31-04638F7EC30E}"
EndProject
Project("{2150E333-8FDC-42A3-9474-1A3956D46DE8}") = "src", "src", "{7218997D-3624-D017-E052-9D306D24EF0B}"
EndProject
Project("{FAE04EC0-301F-11D3-BF4B-00C04F79EFBC}") = "SharedKernel.Application", "api\src\SharedKernel.Application\SharedKernel.Application.csproj", "{1E9A97FE-75A2-A0C1-12F4-448C07409FF1}"
EndProject
Project("{FAE04EC0-301F-11D3-BF4B-00C04F79EFBC}") = "SharedKernel.Domain", "api\src\SharedKernel.Domain\SharedKernel.Domain.csproj", "{89096291-4BBC-EC0C-6275-B1984D838129}"
EndProject
Project("{2150E333-8FDC-42A3-9474-1A3956D46DE8}") = "BuildingBlocks", "BuildingBlocks", "{A560D1D4-CFA5-5D6E-8C16-CFF8010F22F2}"
EndProject
Project("{FAE04EC0-301F-11D3-BF4B-00C04F79EFBC}") = "SharedKernel.Application", "api\src\BuildingBlocks\SharedKernel.Application\SharedKernel.Application.csproj", "{C243DB95-D711-058C-569D-B9048707762F}"
EndProject
Project("{FAE04EC0-301F-11D3-BF4B-00C04F79EFBC}") = "SharedKernel.Domain", "api\src\BuildingBlocks\SharedKernel.Domain\SharedKernel.Domain.csproj", "{483A78B4-0832-A12D-B3BA-24389F66F7FB}"
EndProject
Project("{2150E333-8FDC-42A3-9474-1A3956D46DE8}") = "Host", "Host", "{C3523C74-F250-553E-4E7A-AFEC98C5A247}"
EndProject
Project("{FAE04EC0-301F-11D3-BF4B-00C04F79EFBC}") = "ERP.AppHost", "api\src\Host\ERP.AppHost\ERP.AppHost.csproj", "{AA27C9BF-1EC6-B14B-BA26-BA935B26CAE5}"
EndProject
Project("{FAE04EC0-301F-11D3-BF4B-00C04F79EFBC}") = "ERP.ServiceDefaults", "api\src\Host\ERP.ServiceDefaults\ERP.ServiceDefaults.csproj", "{258736F1-256C-C9A0-FF6D-A60FE63C0447}"
EndProject
Project("{2150E333-8FDC-42A3-9474-1A3956D46DE8}") = "Web", "Web", "{72841F36-9B5C-E441-155D-9B1F539DAAC9}"
EndProject
Project("{FAE04EC0-301F-11D3-BF4B-00C04F79EFBC}") = "ERP.Blazor", "api\src\Web\ERP.Blazor\ERP.Blazor.csproj", "{335BDFE0-5F5B-21CD-50C4-BA25DA952F34}"
EndProject
Project("{2150E333-8FDC-42A3-9474-1A3956D46DE8}") = "Modules", "Modules", "{9F2A47F4-BAC8-39B8-2BA3-F7DEDE1F87E0}"
EndProject
Project("{2150E333-8FDC-42A3-9474-1A3956D46DE8}") = "Auth", "Auth", "{FB781400-C5D1-5FC3-CE92-879540962AF2}"
EndProject
Project("{FAE04EC0-301F-11D3-BF4B-00C04F79EFBC}") = "Auth.API", "api\src\Modules\Auth\Auth.API\Auth.API.csproj", "{65B73B88-D17D-DBC1-B95C-501A342595E9}"
EndProject
Project("{FAE04EC0-301F-11D3-BF4B-00C04F79EFBC}") = "Auth.Application", "api\src\Modules\Auth\Auth.Application\Auth.Application.csproj", "{9C8EF307-DC6B-FEF2-C6AE-DBFA2726F62D}"
EndProject
Project("{FAE04EC0-301F-11D3-BF4B-00C04F79EFBC}") = "Auth.Domain", "api\src\Modules\Auth\Auth.Domain\Auth.Domain.csproj", "{1BE2F470-A316-9C3E-1B95-E6BBFA85BBC9}"
EndProject
Project("{FAE04EC0-301F-11D3-BF4B-00C04F79EFBC}") = "Auth.Infrastructure", "api\src\Modules\Auth\Auth.Infrastructure\Auth.Infrastructure.csproj", "{18E3C5B8-23EF-6CC5-6DD7-B9D842291C55}"
EndProject
Global
	GlobalSection(SolutionConfigurationPlatforms) = preSolution
		Debug|Any CPU = Debug|Any CPU
		Release|Any CPU = Release|Any CPU
	EndGlobalSection
	GlobalSection(ProjectConfigurationPlatforms) = postSolution
		{1E9A97FE-75A2-A0C1-12F4-448C07409FF1}.Debug|Any CPU.ActiveCfg = Debug|Any CPU
		{1E9A97FE-75A2-A0C1-12F4-448C07409FF1}.Debug|Any CPU.Build.0 = Debug|Any CPU
		{1E9A97FE-75A2-A0C1-12F4-448C07409FF1}.Release|Any CPU.ActiveCfg = Release|Any CPU
		{1E9A97FE-75A2-A0C1-12F4-448C07409FF1}.Release|Any CPU.Build.0 = Release|Any CPU
		{89096291-4BBC-EC0C-6275-B1984D838129}.Debug|Any CPU.ActiveCfg = Debug|Any CPU
		{89096291-4BBC-EC0C-6275-B1984D838129}.Debug|Any CPU.Build.0 = Debug|Any CPU
		{89096291-4BBC-EC0C-6275-B1984D838129}.Release|Any CPU.ActiveCfg = Release|Any CPU
		{89096291-4BBC-EC0C-6275-B1984D838129}.Release|Any CPU.Build.0 = Release|Any CPU
		{C243DB95-D711-058C-569D-B9048707762F}.Debug|Any CPU.ActiveCfg = Debug|Any CPU
		{C243DB95-D711-058C-569D-B9048707762F}.Debug|Any CPU.Build.0 = Debug|Any CPU
		{C243DB95-D711-058C-569D-B9048707762F}.Release|Any CPU.ActiveCfg = Release|Any CPU
		{C243DB95-D711-058C-569D-B9048707762F}.Release|Any CPU.Build.0 = Release|Any CPU
		{483A78B4-0832-A12D-B3BA-24389F66F7FB}.Debug|Any CPU.ActiveCfg = Debug|Any CPU
		{483A78B4-0832-A12D-B3BA-24389F66F7FB}.Debug|Any CPU.Build.0 = Debug|Any CPU
		{483A78B4-0832-A12D-B3BA-24389F66F7FB}.Release|Any CPU.ActiveCfg = Release|Any CPU
		{483A78B4-0832-A12D-B3BA-24389F66F7FB}.Release|Any CPU.Build.0 = Release|Any CPU
		{AA27C9BF-1EC6-B14B-BA26-BA935B26CAE5}.Debug|Any CPU.ActiveCfg = Debug|Any CPU
		{AA27C9BF-1EC6-B14B-BA26-BA935B26CAE5}.Debug|Any CPU.Build.0 = Debug|Any CPU
		{AA27C9BF-1EC6-B14B-BA26-BA935B26CAE5}.Release|Any CPU.ActiveCfg = Release|Any CPU
		{AA27C9BF-1EC6-B14B-BA26-BA935B26CAE5}.Release|Any CPU.Build.0 = Release|Any CPU
		{258736F1-256C-C9A0-FF6D-A60FE63C0447}.Debug|Any CPU.ActiveCfg = Debug|Any CPU
		{258736F1-256C-C9A0-FF6D-A60FE63C0447}.Debug|Any CPU.Build.0 = Debug|Any CPU
		{258736F1-256C-C9A0-FF6D-A60FE63C0447}.Release|Any CPU.ActiveCfg = Release|Any CPU
		{258736F1-256C-C9A0-FF6D-A60FE63C0447}.Release|Any CPU.Build.0 = Release|Any CPU
		{335BDFE0-5F5B-21CD-50C4-BA25DA952F34}.Debug|Any CPU.ActiveCfg = Debug|Any CPU
		{335BDFE0-5F5B-21CD-50C4-BA25DA952F34}.Debug|Any CPU.Build.0 = Debug|Any CPU
		{335BDFE0-5F5B-21CD-50C4-BA25DA952F34}.Release|Any CPU.ActiveCfg = Release|Any CPU
		{335BDFE0-5F5B-21CD-50C4-BA25DA952F34}.Release|Any CPU.Build.0 = Release|Any CPU
		{65B73B88-D17D-DBC1-B95C-501A342595E9}.Debug|Any CPU.ActiveCfg = Debug|Any CPU
		{65B73B88-D17D-DBC1-B95C-501A342595E9}.Debug|Any CPU.Build.0 = Debug|Any CPU
		{65B73B88-D17D-DBC1-B95C-501A342595E9}.Release|Any CPU.ActiveCfg = Release|Any CPU
		{65B73B88-D17D-DBC1-B95C-501A342595E9}.Release|Any CPU.Build.0 = Release|Any CPU
		{9C8EF307-DC6B-FEF2-C6AE-DBFA2726F62D}.Debug|Any CPU.ActiveCfg = Debug|Any CPU
		{9C8EF307-DC6B-FEF2-C6AE-DBFA2726F62D}.Debug|Any CPU.Build.0 = Debug|Any CPU
		{9C8EF307-DC6B-FEF2-C6AE-DBFA2726F62D}.Release|Any CPU.ActiveCfg = Release|Any CPU
		{9C8EF307-DC6B-FEF2-C6AE-DBFA2726F62D}.Release|Any CPU.Build.0 = Release|Any CPU
		{1BE2F470-A316-9C3E-1B95-E6BBFA85BBC9}.Debug|Any CPU.ActiveCfg = Debug|Any CPU
		{1BE2F470-A316-9C3E-1B95-E6BBFA85BBC9}.Debug|Any CPU.Build.0 = Debug|Any CPU
		{1BE2F470-A316-9C3E-1B95-E6BBFA85BBC9}.Release|Any CPU.ActiveCfg = Release|Any CPU
		{1BE2F470-A316-9C3E-1B95-E6BBFA85BBC9}.Release|Any CPU.Build.0 = Release|Any CPU
		{18E3C5B8-23EF-6CC5-6DD7-B9D842291C55}.Debug|Any CPU.ActiveCfg = Debug|Any CPU
		{18E3C5B8-23EF-6CC5-6DD7-B9D842291C55}.Debug|Any CPU.Build.0 = Debug|Any CPU
		{18E3C5B8-23EF-6CC5-6DD7-B9D842291C55}.Release|Any CPU.ActiveCfg = Release|Any CPU
		{18E3C5B8-23EF-6CC5-6DD7-B9D842291C55}.Release|Any CPU.Build.0 = Release|Any CPU
	EndGlobalSection
	GlobalSection(SolutionProperties) = preSolution
		HideSolutionNode = FALSE
	EndGlobalSection
	GlobalSection(NestedProjects) = preSolution
		{7218997D-3624-D017-E052-9D306D24EF0B} = {D82C56D6-B2CD-F611-9E31-04638F7EC30E}
		{1E9A97FE-75A2-A0C1-12F4-448C07409FF1} = {7218997D-3624-D017-E052-9D306D24EF0B}
		{89096291-4BBC-EC0C-6275-B1984D838129} = {7218997D-3624-D017-E052-9D306D24EF0B}
		{A560D1D4-CFA5-5D6E-8C16-CFF8010F22F2} = {7218997D-3624-D017-E052-9D306D24EF0B}
		{C243DB95-D711-058C-569D-B9048707762F} = {A560D1D4-CFA5-5D6E-8C16-CFF8010F22F2}
		{483A78B4-0832-A12D-B3BA-24389F66F7FB} = {A560D1D4-CFA5-5D6E-8C16-CFF8010F22F2}
		{C3523C74-F250-553E-4E7A-AFEC98C5A247} = {7218997D-3624-D017-E052-9D306D24EF0B}
		{AA27C9BF-1EC6-B14B-BA26-BA935B26CAE5} = {C3523C74-F250-553E-4E7A-AFEC98C5A247}
		{258736F1-256C-C9A0-FF6D-A60FE63C0447} = {C3523C74-F250-553E-4E7A-AFEC98C5A247}
		{72841F36-9B5C-E441-155D-9B1F539DAAC9} = {7218997D-3624-D017-E052-9D306D24EF0B}
		{335BDFE0-5F5B-21CD-50C4-BA25DA952F34} = {72841F36-9B5C-E441-155D-9B1F539DAAC9}
		{9F2A47F4-BAC8-39B8-2BA3-F7DEDE1F87E0} = {7218997D-3624-D017-E052-9D306D24EF0B}
		{FB781400-C5D1-5FC3-CE92-879540962AF2} = {9F2A47F4-BAC8-39B8-2BA3-F7DEDE1F87E0}
		{65B73B88-D17D-DBC1-B95C-501A342595E9} = {FB781400-C5D1-5FC3-CE92-879540962AF2}
		{9C8EF307-DC6B-FEF2-C6AE-DBFA2726F62D} = {FB781400-C5D1-5FC3-CE92-879540962AF2}
		{1BE2F470-A316-9C3E-1B95-E6BBFA85BBC9} = {FB781400-C5D1-5FC3-CE92-879540962AF2}
		{18E3C5B8-23EF-6CC5-6DD7-B9D842291C55} = {FB781400-C5D1-5FC3-CE92-879540962AF2}
	EndGlobalSection
	GlobalSection(ExtensibilityGlobals) = postSolution
		SolutionGuid = {502A48CD-A9BD-4100-8D87-72D4A88FE41A}
	EndGlobalSection
EndGlobal
