
Microsoft Visual Studio Solution File, Format Version 12.00
# Visual Studio Version 17
VisualStudioVersion = 17.0.31903.59
MinimumVisualStudioVersion = 10.0.40219.1
Project("{2150E333-8FDC-42A3-9474-1A3956D46DE8}") = "src", "src", "{91126A58-B3D2-439A-BAC7-B52D39C6EBE9}"
EndProject
Project("{2150E333-8FDC-42A3-9474-1A3956D46DE8}") = "Modules", "Modules", "{66FA0A39-B0AF-4F86-B949-773DFA0CDEB5}"
EndProject
Project("{2150E333-8FDC-42A3-9474-1A3956D46DE8}") = "Auth", "Auth", "{37332103-97CE-4EF2-8B35-D38219DA6F52}"
EndProject
Project("{FAE04EC0-301F-11D3-BF4B-00C04F79EFBC}") = "Auth.API", "src\Modules\Auth\Auth.API\Auth.API.csproj", "{BB4C96BF-B5D3-4D3A-927F-8BBA0034ABBC}"
EndProject
Project("{FAE04EC0-301F-11D3-BF4B-00C04F79EFBC}") = "Auth.Application", "src\Modules\Auth\Auth.Application\Auth.Application.csproj", "{AB4061B0-3D19-42AE-B8DD-D15F6799C9CD}"
EndProject
Project("{FAE04EC0-301F-11D3-BF4B-00C04F79EFBC}") = "Auth.Domain", "src\Modules\Auth\Auth.Domain\Auth.Domain.csproj", "{738AA580-B0AB-4193-BFAF-55E8106A1749}"
EndProject
Project("{FAE04EC0-301F-11D3-BF4B-00C04F79EFBC}") = "Auth.Infrastructure", "src\Modules\Auth\Auth.Infrastructure\Auth.Infrastructure.csproj", "{6EECBA5B-FA3F-4453-B140-5F87A9AA1D56}"
EndProject
Project("{2150E333-8FDC-42A3-9474-1A3956D46DE8}") = "BuildingBlocks", "BuildingBlocks", "{74AE6419-401F-4E68-9CE8-6F86721B9E17}"
EndProject
Project("{FAE04EC0-301F-11D3-BF4B-00C04F79EFBC}") = "SharedKernel.Application", "src\BuildingBlocks\SharedKernel.Application\SharedKernel.Application.csproj", "{D168215D-9D9F-4C22-A51D-8A9A5D175D40}"
EndProject
Project("{FAE04EC0-301F-11D3-BF4B-00C04F79EFBC}") = "SharedKernel.Domain", "src\BuildingBlocks\SharedKernel.Domain\SharedKernel.Domain.csproj", "{7C7B1148-4676-44E8-80C3-E7729A4ACCC0}"
EndProject
Project("{2150E333-8FDC-42A3-9474-1A3956D46DE8}") = "Web", "Web", "{50C71CFA-2BA2-437D-A862-54790A2B027C}"
EndProject
Project("{FAE04EC0-301F-11D3-BF4B-00C04F79EFBC}") = "ERP.Blazor", "src\Web\ERP.Blazor\ERP.Blazor.csproj", "{92F5D77A-2474-4278-87DE-E913674D51FE}"
EndProject
Project("{2150E333-8FDC-42A3-9474-1A3956D46DE8}") = "Host", "Host", "{5D956346-2101-4FEE-9F72-8DACA8F034AC}"
EndProject
Project("{FAE04EC0-301F-11D3-BF4B-00C04F79EFBC}") = "ERP.AppHost", "src\Host\ERP.AppHost\ERP.AppHost.csproj", "{D849C6CA-1FEE-4C7E-8C7F-BF81A3BB7B18}"
EndProject
Project("{FAE04EC0-301F-11D3-BF4B-00C04F79EFBC}") = "ERP.ServiceDefaults", "src\Host\ERP.ServiceDefaults\ERP.ServiceDefaults.csproj", "{BCF857F3-3823-436A-84CD-DD391D22E64C}"
EndProject
Global
	GlobalSection(SolutionConfigurationPlatforms) = preSolution
		Debug|Any CPU = Debug|Any CPU
		Release|Any CPU = Release|Any CPU
	EndGlobalSection
	GlobalSection(SolutionProperties) = preSolution
		HideSolutionNode = FALSE
	EndGlobalSection
	GlobalSection(ProjectConfigurationPlatforms) = postSolution
		{BB4C96BF-B5D3-4D3A-927F-8BBA0034ABBC}.Debug|Any CPU.ActiveCfg = Debug|Any CPU
		{BB4C96BF-B5D3-4D3A-927F-8BBA0034ABBC}.Debug|Any CPU.Build.0 = Debug|Any CPU
		{BB4C96BF-B5D3-4D3A-927F-8BBA0034ABBC}.Release|Any CPU.ActiveCfg = Release|Any CPU
		{BB4C96BF-B5D3-4D3A-927F-8BBA0034ABBC}.Release|Any CPU.Build.0 = Release|Any CPU
		{AB4061B0-3D19-42AE-B8DD-D15F6799C9CD}.Debug|Any CPU.ActiveCfg = Debug|Any CPU
		{AB4061B0-3D19-42AE-B8DD-D15F6799C9CD}.Debug|Any CPU.Build.0 = Debug|Any CPU
		{AB4061B0-3D19-42AE-B8DD-D15F6799C9CD}.Release|Any CPU.ActiveCfg = Release|Any CPU
		{AB4061B0-3D19-42AE-B8DD-D15F6799C9CD}.Release|Any CPU.Build.0 = Release|Any CPU
		{738AA580-B0AB-4193-BFAF-55E8106A1749}.Debug|Any CPU.ActiveCfg = Debug|Any CPU
		{738AA580-B0AB-4193-BFAF-55E8106A1749}.Debug|Any CPU.Build.0 = Debug|Any CPU
		{738AA580-B0AB-4193-BFAF-55E8106A1749}.Release|Any CPU.ActiveCfg = Release|Any CPU
		{738AA580-B0AB-4193-BFAF-55E8106A1749}.Release|Any CPU.Build.0 = Release|Any CPU
		{6EECBA5B-FA3F-4453-B140-5F87A9AA1D56}.Debug|Any CPU.ActiveCfg = Debug|Any CPU
		{6EECBA5B-FA3F-4453-B140-5F87A9AA1D56}.Debug|Any CPU.Build.0 = Debug|Any CPU
		{6EECBA5B-FA3F-4453-B140-5F87A9AA1D56}.Release|Any CPU.ActiveCfg = Release|Any CPU
		{6EECBA5B-FA3F-4453-B140-5F87A9AA1D56}.Release|Any CPU.Build.0 = Release|Any CPU
		{D168215D-9D9F-4C22-A51D-8A9A5D175D40}.Debug|Any CPU.ActiveCfg = Debug|Any CPU
		{D168215D-9D9F-4C22-A51D-8A9A5D175D40}.Debug|Any CPU.Build.0 = Debug|Any CPU
		{D168215D-9D9F-4C22-A51D-8A9A5D175D40}.Release|Any CPU.ActiveCfg = Release|Any CPU
		{D168215D-9D9F-4C22-A51D-8A9A5D175D40}.Release|Any CPU.Build.0 = Release|Any CPU
		{7C7B1148-4676-44E8-80C3-E7729A4ACCC0}.Debug|Any CPU.ActiveCfg = Debug|Any CPU
		{7C7B1148-4676-44E8-80C3-E7729A4ACCC0}.Debug|Any CPU.Build.0 = Debug|Any CPU
		{7C7B1148-4676-44E8-80C3-E7729A4ACCC0}.Release|Any CPU.ActiveCfg = Release|Any CPU
		{7C7B1148-4676-44E8-80C3-E7729A4ACCC0}.Release|Any CPU.Build.0 = Release|Any CPU
		{92F5D77A-2474-4278-87DE-E913674D51FE}.Debug|Any CPU.ActiveCfg = Debug|Any CPU
		{92F5D77A-2474-4278-87DE-E913674D51FE}.Debug|Any CPU.Build.0 = Debug|Any CPU
		{92F5D77A-2474-4278-87DE-E913674D51FE}.Release|Any CPU.ActiveCfg = Release|Any CPU
		{92F5D77A-2474-4278-87DE-E913674D51FE}.Release|Any CPU.Build.0 = Release|Any CPU
		{D849C6CA-1FEE-4C7E-8C7F-BF81A3BB7B18}.Debug|Any CPU.ActiveCfg = Debug|Any CPU
		{D849C6CA-1FEE-4C7E-8C7F-BF81A3BB7B18}.Debug|Any CPU.Build.0 = Debug|Any CPU
		{D849C6CA-1FEE-4C7E-8C7F-BF81A3BB7B18}.Release|Any CPU.ActiveCfg = Release|Any CPU
		{D849C6CA-1FEE-4C7E-8C7F-BF81A3BB7B18}.Release|Any CPU.Build.0 = Release|Any CPU
		{BCF857F3-3823-436A-84CD-DD391D22E64C}.Debug|Any CPU.ActiveCfg = Debug|Any CPU
		{BCF857F3-3823-436A-84CD-DD391D22E64C}.Debug|Any CPU.Build.0 = Debug|Any CPU
		{BCF857F3-3823-436A-84CD-DD391D22E64C}.Release|Any CPU.ActiveCfg = Release|Any CPU
		{BCF857F3-3823-436A-84CD-DD391D22E64C}.Release|Any CPU.Build.0 = Release|Any CPU
	EndGlobalSection
	GlobalSection(NestedProjects) = preSolution
		{66FA0A39-B0AF-4F86-B949-773DFA0CDEB5} = {91126A58-B3D2-439A-BAC7-B52D39C6EBE9}
		{37332103-97CE-4EF2-8B35-D38219DA6F52} = {66FA0A39-B0AF-4F86-B949-773DFA0CDEB5}
		{BB4C96BF-B5D3-4D3A-927F-8BBA0034ABBC} = {37332103-97CE-4EF2-8B35-D38219DA6F52}
		{AB4061B0-3D19-42AE-B8DD-D15F6799C9CD} = {37332103-97CE-4EF2-8B35-D38219DA6F52}
		{738AA580-B0AB-4193-BFAF-55E8106A1749} = {37332103-97CE-4EF2-8B35-D38219DA6F52}
		{6EECBA5B-FA3F-4453-B140-5F87A9AA1D56} = {37332103-97CE-4EF2-8B35-D38219DA6F52}
		{74AE6419-401F-4E68-9CE8-6F86721B9E17} = {91126A58-B3D2-439A-BAC7-B52D39C6EBE9}
		{D168215D-9D9F-4C22-A51D-8A9A5D175D40} = {74AE6419-401F-4E68-9CE8-6F86721B9E17}
		{7C7B1148-4676-44E8-80C3-E7729A4ACCC0} = {74AE6419-401F-4E68-9CE8-6F86721B9E17}
		{50C71CFA-2BA2-437D-A862-54790A2B027C} = {91126A58-B3D2-439A-BAC7-B52D39C6EBE9}
		{92F5D77A-2474-4278-87DE-E913674D51FE} = {50C71CFA-2BA2-437D-A862-54790A2B027C}
		{5D956346-2101-4FEE-9F72-8DACA8F034AC} = {91126A58-B3D2-439A-BAC7-B52D39C6EBE9}
		{D849C6CA-1FEE-4C7E-8C7F-BF81A3BB7B18} = {5D956346-2101-4FEE-9F72-8DACA8F034AC}
		{BCF857F3-3823-436A-84CD-DD391D22E64C} = {5D956346-2101-4FEE-9F72-8DACA8F034AC}
	EndGlobalSection
EndGlobal
